
Microsoft Visual Studio Solution File, Format Version 12.00
# Visual Studio Version 16
VisualStudioVersion = 16.0.30907.101
MinimumVisualStudioVersion = 10.0.40219.1
Project("{FAE04EC0-301F-11D3-BF4B-00C04F79EFBC}") = "ITManagementClient", "ITManagementClient.csproj", "{A22B9F20-1F07-40D4-9F20-13EFBE153A5D}"
EndProject
Global
	GlobalSection(SolutionConfigurationPlatforms) = preSolution
		Debug|Any CPU = Debug|Any CPU
		Release|Any CPU = Release|Any CPU
	EndGlobalSection
	GlobalSection(ProjectConfigurationPlatforms) = postSolution
		{A22B9F20-1F07-40D4-9F20-13EFBE153A5D}.Debug|Any CPU.ActiveCfg = Debug|Any CPU
		{A22B9F20-1F07-40D4-9F20-13EFBE153A5D}.Debug|Any CPU.Build.0 = Debug|Any CPU
		{A22B9F20-1F07-40D4-9F20-13EFBE153A5D}.Release|Any CPU.ActiveCfg = Release|Any CPU
		{A22B9F20-1F07-40D4-9F20-13EFBE153A5D}.Release|Any CPU.Build.0 = Release|Any CPU
	EndGlobalSection
	GlobalSection(SolutionProperties) = preSolution
		HideSolutionNode = FALSE
	EndGlobalSection
	GlobalSection(ExtensibilityGlobals) = postSolution
		SolutionGuid = {BE7F1C11-5DC2-455F-9B44-2EE7A75395A2}
	EndGlobalSection
EndGlobal
